
Microsoft Visual Studio Solution File, Format Version 12.00
# Visual Studio Version 17
VisualStudioVersion = 17.7.34031.279
MinimumVisualStudioVersion = 10.0.40219.1
Project("{FAE04EC0-301F-11D3-BF4B-00C04F79EFBC}") = "Desafio Admin", "Desafio Admin\Desafio Admin.csproj", "{8FFEC029-B80D-46B5-BF61-F1417C582873}"
EndProject
Global
	GlobalSection(SolutionConfigurationPlatforms) = preSolution
		Debug|Any CPU = Debug|Any CPU
		Release|Any CPU = Release|Any CPU
	EndGlobalSection
	GlobalSection(ProjectConfigurationPlatforms) = postSolution
		{8FFEC029-B80D-46B5-BF61-F1417C582873}.Debug|Any CPU.ActiveCfg = Debug|Any CPU
		{8FFEC029-B80D-46B5-BF61-F1417C582873}.Debug|Any CPU.Build.0 = Debug|Any CPU
		{8FFEC029-B80D-46B5-BF61-F1417C582873}.Release|Any CPU.ActiveCfg = Release|Any CPU
		{8FFEC029-B80D-46B5-BF61-F1417C582873}.Release|Any CPU.Build.0 = Release|Any CPU
	EndGlobalSection
	GlobalSection(SolutionProperties) = preSolution
		HideSolutionNode = FALSE
	EndGlobalSection
	GlobalSection(ExtensibilityGlobals) = postSolution
		SolutionGuid = {8A703027-902C-4443-968F-803503039051}
	EndGlobalSection
EndGlobal
